
Microsoft Visual Studio Solution File, Format Version 12.00
# Visual Studio Version 17
VisualStudioVersion = 17.1.32407.343
MinimumVisualStudioVersion = 10.0.40219.1
Project("{9A19103F-16F7-4668-BE54-9A1E7A4F7556}") = "UserManagementService", "UserManagementService\UserManagementService.csproj", "{9B0C751C-6FED-4093-8297-996B99002702}"
EndProject
Project("{9A19103F-16F7-4668-BE54-9A1E7A4F7556}") = "SharedLibrary", "SharedLibrary\SharedLibrary.csproj", "{CBCCA250-4332-4892-BA8E-1A59E19E6AB1}"
EndProject
Project("{9A19103F-16F7-4668-BE54-9A1E7A4F7556}") = "OrderManagementService", "OrderManagementService\OrderManagementService.csproj", "{C69DEA23-ED97-4307-A11B-ADDFB7F3063B}"
EndProject
Project("{E53339B2-1760-4266-BCC7-CA923CBCF16C}") = "docker-compose", "docker-compose.dcproj", "{4DA689BF-B1CD-4AA8-9A3F-94FA2FDCC1CD}"
EndProject
Project("{9A19103F-16F7-4668-BE54-9A1E7A4F7556}") = "DeliveryManagementService", "DeliveryManagementService\DeliveryManagementService.csproj", "{3642E9FB-78F9-46FA-963F-80BAAA813F9F}"
EndProject
Project("{9A19103F-16F7-4668-BE54-9A1E7A4F7556}") = "ApiGateway", "ApiGateway\ApiGateway.csproj", "{81E46A1B-E6B2-4F73-82C4-07420748D3FC}"
EndProject
Project("{9A19103F-16F7-4668-BE54-9A1E7A4F7556}") = "HealthCheckApp", "HealthCheckApp\HealthCheckApp.csproj", "{E2F4DFE2-7F37-4746-B64B-CD891E136984}"
EndProject
Project("{FAE04EC0-301F-11D3-BF4B-00C04F79EFBC}") = "OrderManagementService.OutBox", "OrderManagementService.OutBox\OrderManagementService.OutBox.csproj", "{ECEFDB0B-B99F-419F-8580-F2BD68701400}"
EndProject
Global
	GlobalSection(SolutionConfigurationPlatforms) = preSolution
		Debug|Any CPU = Debug|Any CPU
		Release|Any CPU = Release|Any CPU
	EndGlobalSection
	GlobalSection(ProjectConfigurationPlatforms) = postSolution
		{9B0C751C-6FED-4093-8297-996B99002702}.Debug|Any CPU.ActiveCfg = Debug|Any CPU
		{9B0C751C-6FED-4093-8297-996B99002702}.Debug|Any CPU.Build.0 = Debug|Any CPU
		{9B0C751C-6FED-4093-8297-996B99002702}.Release|Any CPU.ActiveCfg = Release|Any CPU
		{9B0C751C-6FED-4093-8297-996B99002702}.Release|Any CPU.Build.0 = Release|Any CPU
		{CBCCA250-4332-4892-BA8E-1A59E19E6AB1}.Debug|Any CPU.ActiveCfg = Debug|Any CPU
		{CBCCA250-4332-4892-BA8E-1A59E19E6AB1}.Debug|Any CPU.Build.0 = Debug|Any CPU
		{CBCCA250-4332-4892-BA8E-1A59E19E6AB1}.Release|Any CPU.ActiveCfg = Release|Any CPU
		{CBCCA250-4332-4892-BA8E-1A59E19E6AB1}.Release|Any CPU.Build.0 = Release|Any CPU
		{C69DEA23-ED97-4307-A11B-ADDFB7F3063B}.Debug|Any CPU.ActiveCfg = Debug|Any CPU
		{C69DEA23-ED97-4307-A11B-ADDFB7F3063B}.Debug|Any CPU.Build.0 = Debug|Any CPU
		{C69DEA23-ED97-4307-A11B-ADDFB7F3063B}.Release|Any CPU.ActiveCfg = Release|Any CPU
		{C69DEA23-ED97-4307-A11B-ADDFB7F3063B}.Release|Any CPU.Build.0 = Release|Any CPU
		{4DA689BF-B1CD-4AA8-9A3F-94FA2FDCC1CD}.Debug|Any CPU.ActiveCfg = Debug|Any CPU
		{4DA689BF-B1CD-4AA8-9A3F-94FA2FDCC1CD}.Debug|Any CPU.Build.0 = Debug|Any CPU
		{4DA689BF-B1CD-4AA8-9A3F-94FA2FDCC1CD}.Release|Any CPU.ActiveCfg = Release|Any CPU
		{4DA689BF-B1CD-4AA8-9A3F-94FA2FDCC1CD}.Release|Any CPU.Build.0 = Release|Any CPU
		{3642E9FB-78F9-46FA-963F-80BAAA813F9F}.Debug|Any CPU.ActiveCfg = Debug|Any CPU
		{3642E9FB-78F9-46FA-963F-80BAAA813F9F}.Debug|Any CPU.Build.0 = Debug|Any CPU
		{3642E9FB-78F9-46FA-963F-80BAAA813F9F}.Release|Any CPU.ActiveCfg = Release|Any CPU
		{3642E9FB-78F9-46FA-963F-80BAAA813F9F}.Release|Any CPU.Build.0 = Release|Any CPU
		{81E46A1B-E6B2-4F73-82C4-07420748D3FC}.Debug|Any CPU.ActiveCfg = Debug|Any CPU
		{81E46A1B-E6B2-4F73-82C4-07420748D3FC}.Debug|Any CPU.Build.0 = Debug|Any CPU
		{81E46A1B-E6B2-4F73-82C4-07420748D3FC}.Release|Any CPU.ActiveCfg = Release|Any CPU
		{81E46A1B-E6B2-4F73-82C4-07420748D3FC}.Release|Any CPU.Build.0 = Release|Any CPU
		{E2F4DFE2-7F37-4746-B64B-CD891E136984}.Debug|Any CPU.ActiveCfg = Debug|Any CPU
		{E2F4DFE2-7F37-4746-B64B-CD891E136984}.Debug|Any CPU.Build.0 = Debug|Any CPU
		{E2F4DFE2-7F37-4746-B64B-CD891E136984}.Release|Any CPU.ActiveCfg = Release|Any CPU
		{E2F4DFE2-7F37-4746-B64B-CD891E136984}.Release|Any CPU.Build.0 = Release|Any CPU
		{ECEFDB0B-B99F-419F-8580-F2BD68701400}.Debug|Any CPU.ActiveCfg = Debug|Any CPU
		{ECEFDB0B-B99F-419F-8580-F2BD68701400}.Debug|Any CPU.Build.0 = Debug|Any CPU
		{ECEFDB0B-B99F-419F-8580-F2BD68701400}.Release|Any CPU.ActiveCfg = Release|Any CPU
		{ECEFDB0B-B99F-419F-8580-F2BD68701400}.Release|Any CPU.Build.0 = Release|Any CPU
	EndGlobalSection
	GlobalSection(SolutionProperties) = preSolution
		HideSolutionNode = FALSE
	EndGlobalSection
	GlobalSection(ExtensibilityGlobals) = postSolution
		SolutionGuid = {9BDA2754-A860-42EA-AF40-37383F847274}
	EndGlobalSection
EndGlobal
